{
  "version": 4,
  "terraform_version": "1.14.6",
  "serial": 50,
  "lineage": "4195b208-83e2-6b58-bf76-a1bcdadb7ec6",
  "outputs": {
    "alb_dns_name": {
      "value": "aws-3tier-app-alb-637296993.us-east-1.elb.amazonaws.com",
      "type": "string"
    },
    "rds_endpoint": {
      "value": "aws-3tier-app-db.c0fayieg493m.us-east-1.rds.amazonaws.com",
      "type": "string",
      "sensitive": true
    },
    "vpc_id": {
      "value": "vpc-08619eba919b3f18d",
      "type": "string"
    }
  },
  "resources": [
    {
      "mode": "data",
      "type": "aws_ami",
      "name": "amazon_linux",
      "provider": "provider[\"registry.terraform.io/hashicorp/aws\"]",
      "instances": [
        {
          "schema_version": 0,
          "attributes": {
            "architecture": "x86_64",
            "arn": "arn:aws:ec2:us-east-1::image/ami-05024c2628f651b80",
            "block_device_mappings": [
              {
                "device_name": "/dev/xvda",
                "ebs": {
                  "delete_on_termination": "true",
                  "encrypted": "false",
                  "iops": "0",
                  "snapshot_id": "snap-0c05b31918c84c3b3",
                  "throughput": "0",
                  "volume_initialization_rate": "0",
                  "volume_size": "8",
                  "volume_type": "gp2"
                },
                "no_device": "",
                "virtual_name": ""
              }
            ],
            "boot_mode": "",
            "creation_date": "2026-02-26T18:41:41.000Z",
            "deprecation_time": "2026-05-27T18:47:00.000Z",
            "description": "Amazon Linux 2 AMI 2.0.20260302.0 x86_64 HVM gp2",
            "ena_support": true,
            "executable_users": null,
            "filter": [
              {
                "name": "name",
                "values": [
                  "amzn2-ami-hvm-*-x86_64-gp2"
                ]
              }
            ],
            "hypervisor": "xen",
            "id": "ami-05024c2628f651b80",
            "image_id": "ami-05024c2628f651b80",
            "image_location": "amazon/amzn2-ami-hvm-2.0.20260302.0-x86_64-gp2",
            "image_owner_alias": "amazon",
            "image_type": "machine",
            "imds_support": "",
            "include_deprecated": false,
            "kernel_id": "",
            "last_launched_time": "",
            "most_recent": true,
            "name": "amzn2-ami-hvm-2.0.20260302.0-x86_64-gp2",
            "name_regex": null,
            "owner_id": "137112412989",
            "owners": [
              "amazon"
            ],
            "platform": "",
            "platform_details": "Linux/UNIX",
            "product_codes": [],
            "public": true,
            "ramdisk_id": "",
            "root_device_name": "/dev/xvda",
            "root_device_type": "ebs",
            "root_snapshot_id": "snap-0c05b31918c84c3b3",
            "sriov_net_support": "simple",
            "state": "available",
            "state_reason": {
              "code": "UNSET",
              "message": "UNSET"
            },
            "tags": {},
            "timeouts": null,
            "tpm_support": "",
            "uefi_data": null,
            "usage_operation": "RunInstances",
            "virtualization_type": "hvm"
          },
          "sensitive_attributes": [],
          "identity_schema_version": 0
        }
      ]
    },
    {
      "mode": "data",
      "type": "aws_availability_zones",
      "name": "available",
      "provider": "provider[\"registry.terraform.io/hashicorp/aws\"]",
      "instances": [
        {
          "schema_version": 0,
          "attributes": {
            "all_availability_zones": null,
            "exclude_names": null,
            "exclude_zone_ids": null,
            "filter": null,
            "group_names": [
              "us-east-1-zg-1"
            ],
            "id": "us-east-1",
            "names": [
              "us-east-1a",
              "us-east-1b",
              "us-east-1c",
              "us-east-1d",
              "us-east-1e",
              "us-east-1f"
            ],
            "state": "available",
            "timeouts": null,
            "zone_ids": [
              "use1-az1",
              "use1-az2",
              "use1-az4",
              "use1-az6",
              "use1-az3",
              "use1-az5"
            ]
          },
          "sensitive_attributes": [],
          "identity_schema_version": 0
        }
      ]
    },
    {
      "mode": "managed",
      "type": "aws_autoscaling_group",
      "name": "app",
      "provider": "provider[\"registry.terraform.io/hashicorp/aws\"]",
      "instances": [
        {
          "schema_version": 1,
          "attributes": {
            "arn": "arn:aws:autoscaling:us-east-1:903537644284:autoScalingGroup:fda6bec1-b042-4f6a-b914-f2da60137d4e:autoScalingGroupName/aws-3tier-app-asg",
            "availability_zone_distribution": [
              {
                "capacity_distribution_strategy": "balanced-best-effort"
              }
            ],
            "availability_zones": [
              "us-east-1a",
              "us-east-1b"
            ],
            "capacity_rebalance": false,
            "capacity_reservation_specification": [
              {
                "capacity_reservation_preference": "default",
                "capacity_reservation_target": []
              }
            ],
            "context": "",
            "default_cooldown": 300,
            "default_instance_warmup": 0,
            "desired_capacity": 2,
            "desired_capacity_type": "",
            "enabled_metrics": [],
            "force_delete": false,
            "force_delete_warm_pool": false,
            "health_check_grace_period": 300,
            "health_check_type": "ELB",
            "id": "aws-3tier-app-asg",
            "ignore_failed_scaling_activities": false,
            "initial_lifecycle_hook": [],
            "instance_maintenance_policy": [],
            "instance_refresh": [],
            "launch_configuration": "",
            "launch_template": [
              {
                "id": "lt-06654032277e68cfa",
                "name": "aws-3tier-app-lt-20260311104658119200000001",
                "version": "$Latest"
              }
            ],
            "load_balancers": [],
            "max_instance_lifetime": 0,
            "max_size": 4,
            "metrics_granularity": "1Minute",
            "min_elb_capacity": null,
            "min_size": 1,
            "mixed_instances_policy": [],
            "name": "aws-3tier-app-asg",
            "name_prefix": "",
            "placement_group": "",
            "predicted_capacity": 0,
            "protect_from_scale_in": false,
            "service_linked_role_arn": "arn:aws:iam::903537644284:role/aws-service-role/autoscaling.amazonaws.com/AWSServiceRoleForAutoScaling",
            "suspended_processes": [],
            "tag": [
              {
                "key": "Name",
                "propagate_at_launch": true,
                "value": "aws-3tier-app-instance"
              }
            ],
            "target_group_arns": [
              "arn:aws:elasticloadbalancing:us-east-1:903537644284:targetgroup/aws-3tier-app-tg/d552877eab5fc3c4"
            ],
            "termination_policies": [],
            "timeouts": null,
            "traffic_source": [
              {
                "identifier": "arn:aws:elasticloadbalancing:us-east-1:903537644284:targetgroup/aws-3tier-app-tg/d552877eab5fc3c4",
                "type": "elbv2"
              }
            ],
            "vpc_zone_identifier": [
              "subnet-0214798185207b4ba",
              "subnet-06b1d1e0d2b8b18b4"
            ],
            "wait_for_capacity_timeout": "10m",
            "wait_for_elb_capacity": null,
            "warm_pool": [],
            "warm_pool_size": 0
          },
          "sensitive_attributes": [],
          "identity_schema_version": 0,
          "private": "eyJlMmJmYjczMC1lY2FhLTExZTYtOGY4OC0zNDM2M2JjN2M0YzAiOnsiZGVsZXRlIjo2MDAwMDAwMDAwMDAsInVwZGF0ZSI6NjAwMDAwMDAwMDAwfSwic2NoZW1hX3ZlcnNpb24iOiIxIn0=",
          "dependencies": [
            "aws_db_instance.postgres",
            "aws_db_subnet_group.main",
            "aws_iam_instance_profile.ec2",
            "aws_iam_role.ec2",
            "aws_launch_template.app",
            "aws_lb_target_group.app",
            "aws_security_group.alb",
            "aws_security_group.ec2",
            "aws_security_group.rds",
            "aws_subnet.private",
            "aws_vpc.main",
            "data.aws_ami.amazon_linux",
            "data.aws_availability_zones.available"
          ]
        }
      ]
    },
    {
      "mode": "managed",
      "type": "aws_autoscaling_policy",
      "name": "scale_down",
      "provider": "provider[\"registry.terraform.io/hashicorp/aws\"]",
      "instances": [
        {
          "schema_version": 0,
          "attributes": {
            "adjustment_type": "ChangeInCapacity",
            "arn": "arn:aws:autoscaling:us-east-1:903537644284:scalingPolicy:57e4e413-aec8-4f58-a10f-ddf30617262f:autoScalingGroupName/aws-3tier-app-asg:policyName/aws-3tier-app-scale-down",
            "autoscaling_group_name": "aws-3tier-app-asg",
            "cooldown": 300,
            "enabled": true,
            "estimated_instance_warmup": 0,
            "id": "aws-3tier-app-scale-down",
            "metric_aggregation_type": "",
            "min_adjustment_magnitude": 0,
            "name": "aws-3tier-app-scale-down",
            "policy_type": "SimpleScaling",
            "predictive_scaling_configuration": [],
            "scaling_adjustment": -1,
            "step_adjustment": [],
            "target_tracking_configuration": []
          },
          "sensitive_attributes": [],
          "identity_schema_version": 0,
          "private": "bnVsbA==",
          "dependencies": [
            "aws_autoscaling_group.app",
            "aws_db_instance.postgres",
            "aws_db_subnet_group.main",
            "aws_iam_instance_profile.ec2",
            "aws_iam_role.ec2",
            "aws_launch_template.app",
            "aws_lb_target_group.app",
            "aws_security_group.alb",
            "aws_security_group.ec2",
            "aws_security_group.rds",
            "aws_subnet.private",
            "aws_vpc.main",
            "data.aws_ami.amazon_linux",
            "data.aws_availability_zones.available"
          ]
        }
      ]
    },
    {
      "mode": "managed",
      "type": "aws_autoscaling_policy",
      "name": "scale_up",
      "provider": "provider[\"registry.terraform.io/hashicorp/aws\"]",
      "instances": [
        {
          "schema_version": 0,
          "attributes": {
            "adjustment_type": "ChangeInCapacity",
            "arn": "arn:aws:autoscaling:us-east-1:903537644284:scalingPolicy:8222e6f8-a6b3-410b-af74-cc7f660e4f44:autoScalingGroupName/aws-3tier-app-asg:policyName/aws-3tier-app-scale-up",
            "autoscaling_group_name": "aws-3tier-app-asg",
            "cooldown": 300,
            "enabled": true,
            "estimated_instance_warmup": 0,
            "id": "aws-3tier-app-scale-up",
            "metric_aggregation_type": "",
            "min_adjustment_magnitude": 0,
            "name": "aws-3tier-app-scale-up",
            "policy_type": "SimpleScaling",
            "predictive_scaling_configuration": [],
            "scaling_adjustment": 1,
            "step_adjustment": [],
            "target_tracking_configuration": []
          },
          "sensitive_attributes": [],
          "identity_schema_version": 0,
          "private": "bnVsbA==",
          "dependencies": [
            "aws_autoscaling_group.app",
            "aws_db_instance.postgres",
            "aws_db_subnet_group.main",
            "aws_iam_instance_profile.ec2",
            "aws_iam_role.ec2",
            "aws_launch_template.app",
            "aws_lb_target_group.app",
            "aws_security_group.alb",
            "aws_security_group.ec2",
            "aws_security_group.rds",
            "aws_subnet.private",
            "aws_vpc.main",
            "data.aws_ami.amazon_linux",
            "data.aws_availability_zones.available"
          ]
        }
      ]
    },
    {
      "mode": "managed",
      "type": "aws_cloudwatch_metric_alarm",
      "name": "cpu_high",
      "provider": "provider[\"registry.terraform.io/hashicorp/aws\"]",
      "instances": [
        {
          "schema_version": 1,
          "attributes": {
            "actions_enabled": true,
            "alarm_actions": [
              "arn:aws:autoscaling:us-east-1:903537644284:scalingPolicy:8222e6f8-a6b3-410b-af74-cc7f660e4f44:autoScalingGroupName/aws-3tier-app-asg:policyName/aws-3tier-app-scale-up"
            ],
            "alarm_description": "",
            "alarm_name": "aws-3tier-app-cpu-high",
            "arn": "arn:aws:cloudwatch:us-east-1:903537644284:alarm:aws-3tier-app-cpu-high",
            "comparison_operator": "GreaterThanOrEqualToThreshold",
            "datapoints_to_alarm": 0,
            "dimensions": {
              "AutoScalingGroupName": "aws-3tier-app-asg"
            },
            "evaluate_low_sample_count_percentiles": "",
            "evaluation_periods": 2,
            "extended_statistic": "",
            "id": "aws-3tier-app-cpu-high",
            "insufficient_data_actions": [],
            "metric_name": "CPUUtilization",
            "metric_query": [],
            "namespace": "AWS/EC2",
            "ok_actions": [],
            "period": 120,
            "statistic": "Average",
            "tags": {},
            "tags_all": {},
            "threshold": 70,
            "threshold_metric_id": "",
            "treat_missing_data": "missing",
            "unit": ""
          },
          "sensitive_attributes": [],
          "identity_schema_version": 0,
          "private": "eyJzY2hlbWFfdmVyc2lvbiI6IjEifQ==",
          "dependencies": [
            "aws_autoscaling_group.app",
            "aws_autoscaling_policy.scale_up",
            "aws_db_instance.postgres",
            "aws_db_subnet_group.main",
            "aws_iam_instance_profile.ec2",
            "aws_iam_role.ec2",
            "aws_launch_template.app",
            "aws_lb_target_group.app",
            "aws_security_group.alb",
            "aws_security_group.ec2",
            "aws_security_group.rds",
            "aws_subnet.private",
            "aws_vpc.main",
            "data.aws_ami.amazon_linux",
            "data.aws_availability_zones.available"
          ]
        }
      ]
    },
    {
      "mode": "managed",
      "type": "aws_cloudwatch_metric_alarm",
      "name": "cpu_low",
      "provider": "provider[\"registry.terraform.io/hashicorp/aws\"]",
      "instances": [
        {
          "schema_version": 1,
          "attributes": {
            "actions_enabled": true,
            "alarm_actions": [
              "arn:aws:autoscaling:us-east-1:903537644284:scalingPolicy:57e4e413-aec8-4f58-a10f-ddf30617262f:autoScalingGroupName/aws-3tier-app-asg:policyName/aws-3tier-app-scale-down"
            ],
            "alarm_description": "",
            "alarm_name": "aws-3tier-app-cpu-low",
            "arn": "arn:aws:cloudwatch:us-east-1:903537644284:alarm:aws-3tier-app-cpu-low",
            "comparison_operator": "LessThanOrEqualToThreshold",
            "datapoints_to_alarm": 0,
            "dimensions": {
              "AutoScalingGroupName": "aws-3tier-app-asg"
            },
            "evaluate_low_sample_count_percentiles": "",
            "evaluation_periods": 2,
            "extended_statistic": "",
            "id": "aws-3tier-app-cpu-low",
            "insufficient_data_actions": [],
            "metric_name": "CPUUtilization",
            "metric_query": [],
            "namespace": "AWS/EC2",
            "ok_actions": [],
            "period": 120,
            "statistic": "Average",
            "tags": {},
            "tags_all": {},
            "threshold": 30,
            "threshold_metric_id": "",
            "treat_missing_data": "missing",
            "unit": ""
          },
          "sensitive_attributes": [],
          "identity_schema_version": 0,
          "private": "eyJzY2hlbWFfdmVyc2lvbiI6IjEifQ==",
          "dependencies": [
            "aws_autoscaling_group.app",
            "aws_autoscaling_policy.scale_down",
            "aws_db_instance.postgres",
            "aws_db_subnet_group.main",
            "aws_iam_instance_profile.ec2",
            "aws_iam_role.ec2",
            "aws_launch_template.app",
            "aws_lb_target_group.app",
            "aws_security_group.alb",
            "aws_security_group.ec2",
            "aws_security_group.rds",
            "aws_subnet.private",
            "aws_vpc.main",
            "data.aws_ami.amazon_linux",
            "data.aws_availability_zones.available"
          ]
        }
      ]
    },
    {
      "mode": "managed",
      "type": "aws_db_instance",
      "name": "postgres",
      "provider": "provider[\"registry.terraform.io/hashicorp/aws\"]",
      "instances": [
        {
          "schema_version": 2,
          "attributes": {
            "address": "aws-3tier-app-db.c0fayieg493m.us-east-1.rds.amazonaws.com",
            "allocated_storage": 20,
            "allow_major_version_upgrade": null,
            "apply_immediately": false,
            "arn": "arn:aws:rds:us-east-1:903537644284:db:aws-3tier-app-db",
            "auto_minor_version_upgrade": true,
            "availability_zone": "us-east-1a",
            "backup_retention_period": 0,
            "backup_target": "region",
            "backup_window": "10:11-10:41",
            "blue_green_update": [],
            "ca_cert_identifier": "rds-ca-rsa2048-g1",
            "character_set_name": "",
            "copy_tags_to_snapshot": false,
            "custom_iam_instance_profile": "",
            "customer_owned_ip_enabled": false,
            "database_insights_mode": "standard",
            "db_name": "appdb",
            "db_subnet_group_name": "aws-3tier-app-db-subnet",
            "dedicated_log_volume": false,
            "delete_automated_backups": true,
            "deletion_protection": false,
            "domain": "",
            "domain_auth_secret_arn": "",
            "domain_dns_ips": [],
            "domain_fqdn": "",
            "domain_iam_role_name": "",
            "domain_ou": "",
            "enabled_cloudwatch_logs_exports": [],
            "endpoint": "aws-3tier-app-db.c0fayieg493m.us-east-1.rds.amazonaws.com:5432",
            "engine": "postgres",
            "engine_lifecycle_support": "open-source-rds-extended-support",
            "engine_version": "15.14",
            "engine_version_actual": "15.14",
            "final_snapshot_identifier": null,
            "hosted_zone_id": "Z2R2ITUGPM61AM",
            "iam_database_authentication_enabled": false,
            "id": "db-P3VSHXWUL2K4S63GVARKHXUF6Y",
            "identifier": "aws-3tier-app-db",
            "identifier_prefix": "",
            "instance_class": "db.t3.micro",
            "iops": 0,
            "kms_key_id": "arn:aws:kms:us-east-1:903537644284:key/5e94df37-14c6-43db-bfa8-dab8adcfb9ec",
            "latest_restorable_time": "",
            "license_model": "postgresql-license",
            "listener_endpoint": [],
            "maintenance_window": "sun:03:34-sun:04:04",
            "manage_master_user_password": null,
            "master_user_secret": [],
            "master_user_secret_kms_key_id": null,
            "max_allocated_storage": 0,
            "monitoring_interval": 0,
            "monitoring_role_arn": "",
            "multi_az": false,
            "nchar_character_set_name": "",
            "network_type": "IPV4",
            "option_group_name": "default:postgres-15",
            "parameter_group_name": "default.postgres15",
            "password": "MyStrongPass2024!",
            "password_wo": null,
            "password_wo_version": null,
            "performance_insights_enabled": false,
            "performance_insights_kms_key_id": "",
            "performance_insights_retention_period": 0,
            "port": 5432,
            "publicly_accessible": false,
            "replica_mode": "",
            "replicas": [],
            "replicate_source_db": "",
            "resource_id": "db-P3VSHXWUL2K4S63GVARKHXUF6Y",
            "restore_to_point_in_time": [],
            "s3_import": [],
            "skip_final_snapshot": true,
            "snapshot_identifier": null,
            "status": "available",
            "storage_encrypted": true,
            "storage_throughput": 0,
            "storage_type": "gp2",
            "tags": {
              "Name": "aws-3tier-app-rds"
            },
            "tags_all": {
              "Name": "aws-3tier-app-rds"
            },
            "timeouts": null,
            "timezone": "",
            "upgrade_storage_config": null,
            "username": "postgres",
            "vpc_security_group_ids": [
              "sg-0559686a2a731eac3"
            ]
          },
          "sensitive_attributes": [
            [
              {
                "type": "get_attr",
                "value": "password"
              }
            ],
            [
              {
                "type": "get_attr",
                "value": "password_wo"
              }
            ]
          ],
          "identity_schema_version": 0,
          "private": "eyJlMmJmYjczMC1lY2FhLTExZTYtOGY4OC0zNDM2M2JjN2M0YzAiOnsiY3JlYXRlIjozMDAwMDAwMDAwMDAwLCJkZWxldGUiOjM2MDAwMDAwMDAwMDAsInVwZGF0ZSI6NDgwMDAwMDAwMDAwMH0sInNjaGVtYV92ZXJzaW9uIjoiMiJ9",
          "dependencies": [
            "aws_db_subnet_group.main",
            "aws_security_group.alb",
            "aws_security_group.ec2",
            "aws_security_group.rds",
            "aws_subnet.private",
            "aws_vpc.main",
            "data.aws_availability_zones.available"
          ]
        }
      ]
    },
    {
      "mode": "managed",
      "type": "aws_db_subnet_group",
      "name": "main",
      "provider": "provider[\"registry.terraform.io/hashicorp/aws\"]",
      "instances": [
        {
          "schema_version": 0,
          "attributes": {
            "arn": "arn:aws:rds:us-east-1:903537644284:subgrp:aws-3tier-app-db-subnet",
            "description": "Managed by Terraform",
            "id": "aws-3tier-app-db-subnet",
            "name": "aws-3tier-app-db-subnet",
            "name_prefix": "",
            "subnet_ids": [
              "subnet-0214798185207b4ba",
              "subnet-06b1d1e0d2b8b18b4"
            ],
            "supported_network_types": [
              "IPV4"
            ],
            "tags": {},
            "tags_all": {},
            "vpc_id": "vpc-08619eba919b3f18d"
          },
          "sensitive_attributes": [],
          "identity_schema_version": 0,
          "private": "bnVsbA==",
          "dependencies": [
            "aws_subnet.private",
            "aws_vpc.main",
            "data.aws_availability_zones.available"
          ]
        }
      ]
    },
    {
      "mode": "managed",
      "type": "aws_eip",
      "name": "nat",
      "provider": "provider[\"registry.terraform.io/hashicorp/aws\"]",
      "instances": [
        {
          "schema_version": 0,
          "attributes": {
            "address": null,
            "allocation_id": "eipalloc-07d23f1d1908bdbfb",
            "arn": "arn:aws:ec2:us-east-1:903537644284:elastic-ip/eipalloc-07d23f1d1908bdbfb",
            "associate_with_private_ip": null,
            "association_id": "eipassoc-02effe3c4e1b103c9",
            "carrier_ip": "",
            "customer_owned_ip": "",
            "customer_owned_ipv4_pool": "",
            "domain": "vpc",
            "id": "eipalloc-07d23f1d1908bdbfb",
            "instance": "",
            "ipam_pool_id": null,
            "network_border_group": "us-east-1",
            "network_interface": "eni-0e454e40871a4bf94",
            "private_dns": "ip-10-0-1-245.ec2.internal",
            "private_ip": "10.0.1.245",
            "ptr_record": "",
            "public_dns": "ec2-44-193-192-133.compute-1.amazonaws.com",
            "public_ip": "44.193.192.133",
            "public_ipv4_pool": "amazon",
            "tags": {},
            "tags_all": {},
            "timeouts": null,
            "vpc": true
          },
          "sensitive_attributes": [],
          "identity_schema_version": 0,
          "private": "eyJlMmJmYjczMC1lY2FhLTExZTYtOGY4OC0zNDM2M2JjN2M0YzAiOnsiZGVsZXRlIjoxODAwMDAwMDAwMDAsInJlYWQiOjkwMDAwMDAwMDAwMCwidXBkYXRlIjozMDAwMDAwMDAwMDB9fQ=="
        }
      ]
    },
    {
      "mode": "managed",
      "type": "aws_iam_instance_profile",
      "name": "ec2",
      "provider": "provider[\"registry.terraform.io/hashicorp/aws\"]",
      "instances": [
        {
          "schema_version": 0,
          "attributes": {
            "arn": "arn:aws:iam::903537644284:instance-profile/aws-3tier-app-ec2-profile",
            "create_date": "2026-03-11T08:53:54Z",
            "id": "aws-3tier-app-ec2-profile",
            "name": "aws-3tier-app-ec2-profile",
            "name_prefix": "",
            "path": "/",
            "role": "aws-3tier-app-ec2-role",
            "tags": {},
            "tags_all": {},
            "unique_id": "AIPA5EXYKKL6AF2N5MD5F"
          },
          "sensitive_attributes": [],
          "identity_schema_version": 0,
          "private": "bnVsbA==",
          "dependencies": [
            "aws_iam_role.ec2"
          ]
        }
      ]
    },
    {
      "mode": "managed",
      "type": "aws_iam_role",
      "name": "ec2",
      "provider": "provider[\"registry.terraform.io/hashicorp/aws\"]",
      "instances": [
        {
          "schema_version": 0,
          "attributes": {
            "arn": "arn:aws:iam::903537644284:role/aws-3tier-app-ec2-role",
            "assume_role_policy": "{\"Statement\":[{\"Action\":\"sts:AssumeRole\",\"Effect\":\"Allow\",\"Principal\":{\"Service\":\"ec2.amazonaws.com\"}}],\"Version\":\"2012-10-17\"}",
            "create_date": "2026-03-11T08:53:52Z",
            "description": "",
            "force_detach_policies": false,
            "id": "aws-3tier-app-ec2-role",
            "inline_policy": [],
            "managed_policy_arns": [
              "arn:aws:iam::aws:policy/AmazonSSMManagedInstanceCore",
              "arn:aws:iam::aws:policy/CloudWatchAgentServerPolicy"
            ],
            "max_session_duration": 3600,
            "name": "aws-3tier-app-ec2-role",
            "name_prefix": "",
            "path": "/",
            "permissions_boundary": "",
            "tags": {},
            "tags_all": {},
            "unique_id": "AROA5EXYKKL6B3X4SANFW"
          },
          "sensitive_attributes": [],
          "identity_schema_version": 0,
          "private": "bnVsbA=="
        }
      ]
    },
    {
      "mode": "managed",
      "type": "aws_iam_role_policy_attachment",
      "name": "cw",
      "provider": "provider[\"registry.terraform.io/hashicorp/aws\"]",
      "instances": [
        {
          "schema_version": 0,
          "attributes": {
            "id": "aws-3tier-app-ec2-role-20260311085350300100000002",
            "policy_arn": "arn:aws:iam::aws:policy/CloudWatchAgentServerPolicy",
            "role": "aws-3tier-app-ec2-role"
          },
          "sensitive_attributes": [],
          "identity_schema_version": 0,
          "private": "bnVsbA==",
          "dependencies": [
            "aws_iam_role.ec2"
          ]
        }
      ]
    },
    {
      "mode": "managed",
      "type": "aws_iam_role_policy_attachment",
      "name": "ssm",
      "provider": "provider[\"registry.terraform.io/hashicorp/aws\"]",
      "instances": [
        {
          "schema_version": 0,
          "attributes": {
            "id": "aws-3tier-app-ec2-role-20260311085349996000000001",
            "policy_arn": "arn:aws:iam::aws:policy/AmazonSSMManagedInstanceCore",
            "role": "aws-3tier-app-ec2-role"
          },
          "sensitive_attributes": [],
          "identity_schema_version": 0,
          "private": "bnVsbA==",
          "dependencies": [
            "aws_iam_role.ec2"
          ]
        }
      ]
    },
    {
      "mode": "managed",
      "type": "aws_internet_gateway",
      "name": "main",
      "provider": "provider[\"registry.terraform.io/hashicorp/aws\"]",
      "instances": [
        {
          "schema_version": 0,
          "attributes": {
            "arn": "arn:aws:ec2:us-east-1:903537644284:internet-gateway/igw-0be5ec5197a394d06",
            "id": "igw-0be5ec5197a394d06",
            "owner_id": "903537644284",
            "tags": {
              "Name": "aws-3tier-app-igw"
            },
            "tags_all": {
              "Name": "aws-3tier-app-igw"
            },
            "timeouts": null,
            "vpc_id": "vpc-08619eba919b3f18d"
          },
          "sensitive_attributes": [],
          "identity_schema_version": 0,
          "private": "eyJlMmJmYjczMC1lY2FhLTExZTYtOGY4OC0zNDM2M2JjN2M0YzAiOnsiY3JlYXRlIjoxMjAwMDAwMDAwMDAwLCJkZWxldGUiOjEyMDAwMDAwMDAwMDAsInVwZGF0ZSI6MTIwMDAwMDAwMDAwMH19",
          "dependencies": [
            "aws_vpc.main"
          ]
        }
      ]
    },
    {
      "mode": "managed",
      "type": "aws_launch_template",
      "name": "app",
      "provider": "provider[\"registry.terraform.io/hashicorp/aws\"]",
      "instances": [
        {
          "schema_version": 0,
          "attributes": {
            "arn": "arn:aws:ec2:us-east-1:903537644284:launch-template/lt-06654032277e68cfa",
            "block_device_mappings": [],
            "capacity_reservation_specification": [],
            "cpu_options": [],
            "credit_specification": [],
            "default_version": 1,
            "description": "",
            "disable_api_stop": false,
            "disable_api_termination": false,
            "ebs_optimized": "",
            "elastic_gpu_specifications": [],
            "elastic_inference_accelerator": [],
            "enclave_options": [],
            "hibernation_options": [],
            "iam_instance_profile": [
              {
                "arn": "",
                "name": "aws-3tier-app-ec2-profile"
              }
            ],
            "id": "lt-06654032277e68cfa",
            "image_id": "ami-05024c2628f651b80",
            "instance_initiated_shutdown_behavior": "",
            "instance_market_options": [],
            "instance_requirements": [],
            "instance_type": "t2.micro",
            "kernel_id": "",
            "key_name": "aws-3tier-key",
            "latest_version": 2,
            "license_specification": [],
            "maintenance_options": [],
            "metadata_options": [],
            "monitoring": [],
            "name": "aws-3tier-app-lt-20260311104658119200000001",
            "name_prefix": "aws-3tier-app-lt-",
            "network_interfaces": [
              {
                "associate_carrier_ip_address": "",
                "associate_public_ip_address": "false",
                "connection_tracking_specification": [],
                "delete_on_termination": "",
                "description": "",
                "device_index": 0,
                "ena_srd_specification": [],
                "interface_type": "",
                "ipv4_address_count": 0,
                "ipv4_addresses": [],
                "ipv4_prefix_count": 0,
                "ipv4_prefixes": [],
                "ipv6_address_count": 0,
                "ipv6_addresses": [],
                "ipv6_prefix_count": 0,
                "ipv6_prefixes": [],
                "network_card_index": 0,
                "network_interface_id": "",
                "primary_ipv6": "",
                "private_ip_address": "",
                "security_groups": [
                  "sg-000df268d34b05df5"
                ],
                "subnet_id": ""
              }
            ],
            "placement": [],
            "private_dns_name_options": [],
            "ram_disk_id": "",
            "security_group_names": [],
            "tag_specifications": [
              {
                "resource_type": "instance",
                "tags": {
                  "Name": "aws-3tier-app-ec2"
                }
              }
            ],
            "tags": {},
            "tags_all": {},
            "update_default_version": null,
            "user_data": "IyEvYmluL2Jhc2gKeXVtIHVwZGF0ZSAteQphbWF6b24tbGludXgtZXh0cmFzIGluc3RhbGwgZG9ja2VyIC15CnN5c3RlbWN0bCBzdGFydCBkb2NrZXIKc3lzdGVtY3RsIGVuYWJsZSBkb2NrZXIKICAgIAojIEluc3RhbGwgQVdTIENMSSBpZiBub3QgcHJlc2VudCAoZm9yIFNTTSBwYXJhbWV0ZXIgcmV0cmlldmFsKQp5dW0gaW5zdGFsbCAteSBhd3MtY2xpCiAgICAKIyBHZXQgcGFzc3dvcmQgZnJvbSBTU00gUGFyYW1ldGVyIFN0b3JlCkRCX1BBU1M9JChhd3Mgc3NtIGdldC1wYXJhbWV0ZXIgLS1uYW1lICIvYXdzLTN0aWVyLWFwcC9kYl9wYXNzd29yZCIgLS13aXRoLWRlY3J5cHRpb24gLS1xdWVyeSAiUGFyYW1ldGVyLlZhbHVlIiAtLW91dHB1dCB0ZXh0IC0tcmVnaW9uIHVzLWVhc3QtMSkKICAgIApkb2NrZXIgcHVsbCBzaWJvbmVsbzE5MC9hd3MtM3RpZXItYXBwOmxhdGVzdApkb2NrZXIgcnVuIC1kIC0tbmFtZSBhcHAgLS1yZXN0YXJ0IGFsd2F5cyAtcCA1MDAwOjUwMDAgXAogIC1lIERCX0hPU1Q9ImF3cy0zdGllci1hcHAtZGIuYzBmYXlpZWc0OTNtLnVzLWVhc3QtMS5yZHMuYW1hem9uYXdzLmNvbSIgXAogIC1lIERCX05BTUU9ImFwcGRiIiBcCiAgLWUgREJfVVNFUj0icG9zdGdyZXMiIFwKICAtZSBEQl9QQVNTV09SRD0iJERCX1BBU1MiIFwKICBzaWJvbmVsbzE5MC9hd3MtM3RpZXItYXBwOmxhdGVzdAo=",
            "vpc_security_group_ids": []
          },
          "sensitive_attributes": [],
          "identity_schema_version": 0,
          "private": "bnVsbA==",
          "dependencies": [
            "aws_db_instance.postgres",
            "aws_db_subnet_group.main",
            "aws_iam_instance_profile.ec2",
            "aws_iam_role.ec2",
            "aws_security_group.alb",
            "aws_security_group.ec2",
            "aws_security_group.rds",
            "aws_subnet.private",
            "aws_vpc.main",
            "data.aws_ami.amazon_linux",
            "data.aws_availability_zones.available"
          ]
        }
      ]
    },
    {
      "mode": "managed",
      "type": "aws_lb",
      "name": "main",
      "provider": "provider[\"registry.terraform.io/hashicorp/aws\"]",
      "instances": [
        {
          "schema_version": 0,
          "attributes": {
            "access_logs": [
              {
                "bucket": "",
                "enabled": false,
                "prefix": ""
              }
            ],
            "arn": "arn:aws:elasticloadbalancing:us-east-1:903537644284:loadbalancer/app/aws-3tier-app-alb/8e3425da4ca67886",
            "arn_suffix": "app/aws-3tier-app-alb/8e3425da4ca67886",
            "client_keep_alive": 3600,
            "connection_logs": [
              {
                "bucket": "",
                "enabled": false,
                "prefix": ""
              }
            ],
            "customer_owned_ipv4_pool": "",
            "desync_mitigation_mode": "defensive",
            "dns_name": "aws-3tier-app-alb-637296993.us-east-1.elb.amazonaws.com",
            "dns_record_client_routing_policy": null,
            "drop_invalid_header_fields": false,
            "enable_cross_zone_load_balancing": true,
            "enable_deletion_protection": false,
            "enable_http2": true,
            "enable_tls_version_and_cipher_suite_headers": false,
            "enable_waf_fail_open": false,
            "enable_xff_client_port": false,
            "enable_zonal_shift": false,
            "enforce_security_group_inbound_rules_on_private_link_traffic": "",
            "id": "arn:aws:elasticloadbalancing:us-east-1:903537644284:loadbalancer/app/aws-3tier-app-alb/8e3425da4ca67886",
            "idle_timeout": 60,
            "internal": false,
            "ip_address_type": "ipv4",
            "ipam_pools": [],
            "load_balancer_type": "application",
            "minimum_load_balancer_capacity": [],
            "name": "aws-3tier-app-alb",
            "name_prefix": "",
            "preserve_host_header": false,
            "security_groups": [
              "sg-0217104dfe2b438be"
            ],
            "subnet_mapping": [
              {
                "allocation_id": "",
                "ipv6_address": "",
                "outpost_id": "",
                "private_ipv4_address": "",
                "subnet_id": "subnet-0a7836522cd8f0747"
              },
              {
                "allocation_id": "",
                "ipv6_address": "",
                "outpost_id": "",
                "private_ipv4_address": "",
                "subnet_id": "subnet-0b6977f82038eb218"
              }
            ],
            "subnets": [
              "subnet-0a7836522cd8f0747",
              "subnet-0b6977f82038eb218"
            ],
            "tags": {
              "Name": "aws-3tier-app-alb"
            },
            "tags_all": {
              "Name": "aws-3tier-app-alb"
            },
            "timeouts": null,
            "vpc_id": "vpc-08619eba919b3f18d",
            "xff_header_processing_mode": "append",
            "zone_id": "Z35SXDOTRQ7X7K"
          },
          "sensitive_attributes": [],
          "identity_schema_version": 0,
          "private": "eyJlMmJmYjczMC1lY2FhLTExZTYtOGY4OC0zNDM2M2JjN2M0YzAiOnsiY3JlYXRlIjo2MDAwMDAwMDAwMDAsImRlbGV0ZSI6NjAwMDAwMDAwMDAwLCJ1cGRhdGUiOjYwMDAwMDAwMDAwMH19",
          "dependencies": [
            "aws_security_group.alb",
            "aws_subnet.public",
            "aws_vpc.main",
            "data.aws_availability_zones.available"
          ]
        }
      ]
    },
    {
      "mode": "managed",
      "type": "aws_lb_listener",
      "name": "http",
      "provider": "provider[\"registry.terraform.io/hashicorp/aws\"]",
      "instances": [
        {
          "schema_version": 0,
          "attributes": {
            "alpn_policy": null,
            "arn": "arn:aws:elasticloadbalancing:us-east-1:903537644284:listener/app/aws-3tier-app-alb/8e3425da4ca67886/a422930bfb3903c5",
            "certificate_arn": null,
            "default_action": [
              {
                "authenticate_cognito": [],
                "authenticate_oidc": [],
                "fixed_response": [],
                "forward": [],
                "order": 1,
                "redirect": [],
                "target_group_arn": "arn:aws:elasticloadbalancing:us-east-1:903537644284:targetgroup/aws-3tier-app-tg/d552877eab5fc3c4",
                "type": "forward"
              }
            ],
            "id": "arn:aws:elasticloadbalancing:us-east-1:903537644284:listener/app/aws-3tier-app-alb/8e3425da4ca67886/a422930bfb3903c5",
            "load_balancer_arn": "arn:aws:elasticloadbalancing:us-east-1:903537644284:loadbalancer/app/aws-3tier-app-alb/8e3425da4ca67886",
            "mutual_authentication": [],
            "port": 80,
            "protocol": "HTTP",
            "routing_http_request_x_amzn_mtls_clientcert_header_name": null,
            "routing_http_request_x_amzn_mtls_clientcert_issuer_header_name": null,
            "routing_http_request_x_amzn_mtls_clientcert_leaf_header_name": null,
            "routing_http_request_x_amzn_mtls_clientcert_serial_number_header_name": null,
            "routing_http_request_x_amzn_mtls_clientcert_subject_header_name": null,
            "routing_http_request_x_amzn_mtls_clientcert_validity_header_name": null,
            "routing_http_request_x_amzn_tls_cipher_suite_header_name": null,
            "routing_http_request_x_amzn_tls_version_header_name": null,
            "routing_http_response_access_control_allow_credentials_header_value": "",
            "routing_http_response_access_control_allow_headers_header_value": "",
            "routing_http_response_access_control_allow_methods_header_value": "",
            "routing_http_response_access_control_allow_origin_header_value": "",
            "routing_http_response_access_control_expose_headers_header_value": "",
            "routing_http_response_access_control_max_age_header_value": "",
            "routing_http_response_content_security_policy_header_value": "",
            "routing_http_response_server_enabled": true,
            "routing_http_response_strict_transport_security_header_value": "",
            "routing_http_response_x_content_type_options_header_value": "",
            "routing_http_response_x_frame_options_header_value": "",
            "ssl_policy": "",
            "tags": {},
            "tags_all": {},
            "tcp_idle_timeout_seconds": null,
            "timeouts": null
          },
          "sensitive_attributes": [],
          "identity_schema_version": 0,
          "private": "eyJlMmJmYjczMC1lY2FhLTExZTYtOGY4OC0zNDM2M2JjN2M0YzAiOnsiY3JlYXRlIjozMDAwMDAwMDAwMDAsInVwZGF0ZSI6MzAwMDAwMDAwMDAwfX0=",
          "dependencies": [
            "aws_lb.main",
            "aws_lb_target_group.app",
            "aws_security_group.alb",
            "aws_subnet.public",
            "aws_vpc.main",
            "data.aws_availability_zones.available"
          ]
        }
      ]
    },
    {
      "mode": "managed",
      "type": "aws_lb_target_group",
      "name": "app",
      "provider": "provider[\"registry.terraform.io/hashicorp/aws\"]",
      "instances": [
        {
          "schema_version": 0,
          "attributes": {
            "arn": "arn:aws:elasticloadbalancing:us-east-1:903537644284:targetgroup/aws-3tier-app-tg/d552877eab5fc3c4",
            "arn_suffix": "targetgroup/aws-3tier-app-tg/d552877eab5fc3c4",
            "connection_termination": null,
            "deregistration_delay": "300",
            "health_check": [
              {
                "enabled": true,
                "healthy_threshold": 2,
                "interval": 30,
                "matcher": "200",
                "path": "/health",
                "port": "traffic-port",
                "protocol": "HTTP",
                "timeout": 5,
                "unhealthy_threshold": 3
              }
            ],
            "id": "arn:aws:elasticloadbalancing:us-east-1:903537644284:targetgroup/aws-3tier-app-tg/d552877eab5fc3c4",
            "ip_address_type": "ipv4",
            "lambda_multi_value_headers_enabled": false,
            "load_balancer_arns": [
              "arn:aws:elasticloadbalancing:us-east-1:903537644284:loadbalancer/app/aws-3tier-app-alb/8e3425da4ca67886"
            ],
            "load_balancing_algorithm_type": "round_robin",
            "load_balancing_anomaly_mitigation": "off",
            "load_balancing_cross_zone_enabled": "use_load_balancer_configuration",
            "name": "aws-3tier-app-tg",
            "name_prefix": "",
            "port": 5000,
            "preserve_client_ip": null,
            "protocol": "HTTP",
            "protocol_version": "HTTP1",
            "proxy_protocol_v2": false,
            "slow_start": 0,
            "stickiness": [
              {
                "cookie_duration": 86400,
                "cookie_name": "",
                "enabled": false,
                "type": "lb_cookie"
              }
            ],
            "tags": {},
            "tags_all": {},
            "target_failover": [
              {
                "on_deregistration": null,
                "on_unhealthy": null
              }
            ],
            "target_group_health": [
              {
                "dns_failover": [
                  {
                    "minimum_healthy_targets_count": "1",
                    "minimum_healthy_targets_percentage": "off"
                  }
                ],
                "unhealthy_state_routing": [
                  {
                    "minimum_healthy_targets_count": 1,
                    "minimum_healthy_targets_percentage": "off"
                  }
                ]
              }
            ],
            "target_health_state": [
              {
                "enable_unhealthy_connection_termination": null,
                "unhealthy_draining_interval": null
              }
            ],
            "target_type": "instance",
            "vpc_id": "vpc-08619eba919b3f18d"
          },
          "sensitive_attributes": [],
          "identity_schema_version": 0,
          "private": "bnVsbA==",
          "dependencies": [
            "aws_vpc.main"
          ]
        }
      ]
    },
    {
      "mode": "managed",
      "type": "aws_nat_gateway",
      "name": "main",
      "provider": "provider[\"registry.terraform.io/hashicorp/aws\"]",
      "instances": [
        {
          "schema_version": 0,
          "attributes": {
            "allocation_id": "eipalloc-07d23f1d1908bdbfb",
            "association_id": "eipassoc-02effe3c4e1b103c9",
            "connectivity_type": "public",
            "id": "nat-0219d7d7b16141532",
            "network_interface_id": "eni-0e454e40871a4bf94",
            "private_ip": "10.0.1.245",
            "public_ip": "44.193.192.133",
            "secondary_allocation_ids": [],
            "secondary_private_ip_address_count": 0,
            "secondary_private_ip_addresses": [],
            "subnet_id": "subnet-0a7836522cd8f0747",
            "tags": {
              "Name": "aws-3tier-app-nat"
            },
            "tags_all": {
              "Name": "aws-3tier-app-nat"
            },
            "timeouts": null
          },
          "sensitive_attributes": [],
          "identity_schema_version": 0,
          "private": "eyJlMmJmYjczMC1lY2FhLTExZTYtOGY4OC0zNDM2M2JjN2M0YzAiOnsiY3JlYXRlIjo2MDAwMDAwMDAwMDAsImRlbGV0ZSI6MTgwMDAwMDAwMDAwMCwidXBkYXRlIjo2MDAwMDAwMDAwMDB9fQ==",
          "dependencies": [
            "aws_eip.nat",
            "aws_internet_gateway.main",
            "aws_subnet.public",
            "aws_vpc.main",
            "data.aws_availability_zones.available"
          ]
        }
      ]
    },
    {
      "mode": "managed",
      "type": "aws_route_table",
      "name": "private",
      "provider": "provider[\"registry.terraform.io/hashicorp/aws\"]",
      "instances": [
        {
          "schema_version": 0,
          "attributes": {
            "arn": "arn:aws:ec2:us-east-1:903537644284:route-table/rtb-06818e2cfc041798a",
            "id": "rtb-06818e2cfc041798a",
            "owner_id": "903537644284",
            "propagating_vgws": [],
            "route": [
              {
                "carrier_gateway_id": "",
                "cidr_block": "0.0.0.0/0",
                "core_network_arn": "",
                "destination_prefix_list_id": "",
                "egress_only_gateway_id": "",
                "gateway_id": "",
                "ipv6_cidr_block": "",
                "local_gateway_id": "",
                "nat_gateway_id": "nat-0219d7d7b16141532",
                "network_interface_id": "",
                "transit_gateway_id": "",
                "vpc_endpoint_id": "",
                "vpc_peering_connection_id": ""
              }
            ],
            "tags": {
              "Name": "aws-3tier-app-private-rt"
            },
            "tags_all": {
              "Name": "aws-3tier-app-private-rt"
            },
            "timeouts": null,
            "vpc_id": "vpc-08619eba919b3f18d"
          },
          "sensitive_attributes": [],
          "identity_schema_version": 0,
          "private": "eyJlMmJmYjczMC1lY2FhLTExZTYtOGY4OC0zNDM2M2JjN2M0YzAiOnsiY3JlYXRlIjozMDAwMDAwMDAwMDAsImRlbGV0ZSI6MzAwMDAwMDAwMDAwLCJ1cGRhdGUiOjEyMDAwMDAwMDAwMH19",
          "dependencies": [
            "aws_eip.nat",
            "aws_internet_gateway.main",
            "aws_nat_gateway.main",
            "aws_subnet.public",
            "aws_vpc.main",
            "data.aws_availability_zones.available"
          ]
        }
      ]
    },
    {
      "mode": "managed",
      "type": "aws_route_table",
      "name": "public",
      "provider": "provider[\"registry.terraform.io/hashicorp/aws\"]",
      "instances": [
        {
          "schema_version": 0,
          "attributes": {
            "arn": "arn:aws:ec2:us-east-1:903537644284:route-table/rtb-0c67e80f973c5b990",
            "id": "rtb-0c67e80f973c5b990",
            "owner_id": "903537644284",
            "propagating_vgws": [],
            "route": [
              {
                "carrier_gateway_id": "",
                "cidr_block": "0.0.0.0/0",
                "core_network_arn": "",
                "destination_prefix_list_id": "",
                "egress_only_gateway_id": "",
                "gateway_id": "igw-0be5ec5197a394d06",
                "ipv6_cidr_block": "",
                "local_gateway_id": "",
                "nat_gateway_id": "",
                "network_interface_id": "",
                "transit_gateway_id": "",
                "vpc_endpoint_id": "",
                "vpc_peering_connection_id": ""
              }
            ],
            "tags": {
              "Name": "aws-3tier-app-public-rt"
            },
            "tags_all": {
              "Name": "aws-3tier-app-public-rt"
            },
            "timeouts": null,
            "vpc_id": "vpc-08619eba919b3f18d"
          },
          "sensitive_attributes": [],
          "identity_schema_version": 0,
          "private": "eyJlMmJmYjczMC1lY2FhLTExZTYtOGY4OC0zNDM2M2JjN2M0YzAiOnsiY3JlYXRlIjozMDAwMDAwMDAwMDAsImRlbGV0ZSI6MzAwMDAwMDAwMDAwLCJ1cGRhdGUiOjEyMDAwMDAwMDAwMH19",
          "dependencies": [
            "aws_internet_gateway.main",
            "aws_vpc.main"
          ]
        }
      ]
    },
    {
      "mode": "managed",
      "type": "aws_route_table_association",
      "name": "private",
      "provider": "provider[\"registry.terraform.io/hashicorp/aws\"]",
      "instances": [
        {
          "index_key": 0,
          "schema_version": 0,
          "attributes": {
            "gateway_id": "",
            "id": "rtbassoc-09dad88b6bcc4d388",
            "route_table_id": "rtb-06818e2cfc041798a",
            "subnet_id": "subnet-06b1d1e0d2b8b18b4",
            "timeouts": null
          },
          "sensitive_attributes": [],
          "identity_schema_version": 0,
          "private": "eyJlMmJmYjczMC1lY2FhLTExZTYtOGY4OC0zNDM2M2JjN2M0YzAiOnsiY3JlYXRlIjozMDAwMDAwMDAwMDAsImRlbGV0ZSI6MzAwMDAwMDAwMDAwLCJ1cGRhdGUiOjEyMDAwMDAwMDAwMH19",
          "dependencies": [
            "aws_eip.nat",
            "aws_internet_gateway.main",
            "aws_nat_gateway.main",
            "aws_route_table.private",
            "aws_subnet.private",
            "aws_subnet.public",
            "aws_vpc.main",
            "data.aws_availability_zones.available"
          ]
        },
        {
          "index_key": 1,
          "schema_version": 0,
          "attributes": {
            "gateway_id": "",
            "id": "rtbassoc-0f45fd8f23c736a59",
            "route_table_id": "rtb-06818e2cfc041798a",
            "subnet_id": "subnet-0214798185207b4ba",
            "timeouts": null
          },
          "sensitive_attributes": [],
          "identity_schema_version": 0,
          "private": "eyJlMmJmYjczMC1lY2FhLTExZTYtOGY4OC0zNDM2M2JjN2M0YzAiOnsiY3JlYXRlIjozMDAwMDAwMDAwMDAsImRlbGV0ZSI6MzAwMDAwMDAwMDAwLCJ1cGRhdGUiOjEyMDAwMDAwMDAwMH19",
          "dependencies": [
            "aws_eip.nat",
            "aws_internet_gateway.main",
            "aws_nat_gateway.main",
            "aws_route_table.private",
            "aws_subnet.private",
            "aws_subnet.public",
            "aws_vpc.main",
            "data.aws_availability_zones.available"
          ]
        }
      ]
    },
    {
      "mode": "managed",
      "type": "aws_route_table_association",
      "name": "public",
      "provider": "provider[\"registry.terraform.io/hashicorp/aws\"]",
      "instances": [
        {
          "index_key": 0,
          "schema_version": 0,
          "attributes": {
            "gateway_id": "",
            "id": "rtbassoc-01461673261070e67",
            "route_table_id": "rtb-0c67e80f973c5b990",
            "subnet_id": "subnet-0a7836522cd8f0747",
            "timeouts": null
          },
          "sensitive_attributes": [],
          "identity_schema_version": 0,
          "private": "eyJlMmJmYjczMC1lY2FhLTExZTYtOGY4OC0zNDM2M2JjN2M0YzAiOnsiY3JlYXRlIjozMDAwMDAwMDAwMDAsImRlbGV0ZSI6MzAwMDAwMDAwMDAwLCJ1cGRhdGUiOjEyMDAwMDAwMDAwMH19",
          "dependencies": [
            "aws_internet_gateway.main",
            "aws_route_table.public",
            "aws_subnet.public",
            "aws_vpc.main",
            "data.aws_availability_zones.available"
          ]
        },
        {
          "index_key": 1,
          "schema_version": 0,
          "attributes": {
            "gateway_id": "",
            "id": "rtbassoc-0d137d10655bef6ac",
            "route_table_id": "rtb-0c67e80f973c5b990",
            "subnet_id": "subnet-0b6977f82038eb218",
            "timeouts": null
          },
          "sensitive_attributes": [],
          "identity_schema_version": 0,
          "private": "eyJlMmJmYjczMC1lY2FhLTExZTYtOGY4OC0zNDM2M2JjN2M0YzAiOnsiY3JlYXRlIjozMDAwMDAwMDAwMDAsImRlbGV0ZSI6MzAwMDAwMDAwMDAwLCJ1cGRhdGUiOjEyMDAwMDAwMDAwMH19",
          "dependencies": [
            "aws_internet_gateway.main",
            "aws_route_table.public",
            "aws_subnet.public",
            "aws_vpc.main",
            "data.aws_availability_zones.available"
          ]
        }
      ]
    },
    {
      "mode": "managed",
      "type": "aws_security_group",
      "name": "alb",
      "provider": "provider[\"registry.terraform.io/hashicorp/aws\"]",
      "instances": [
        {
          "schema_version": 1,
          "attributes": {
            "arn": "arn:aws:ec2:us-east-1:903537644284:security-group/sg-0217104dfe2b438be",
            "description": "Managed by Terraform",
            "egress": [
              {
                "cidr_blocks": [
                  "0.0.0.0/0"
                ],
                "description": "",
                "from_port": 0,
                "ipv6_cidr_blocks": [],
                "prefix_list_ids": [],
                "protocol": "-1",
                "security_groups": [],
                "self": false,
                "to_port": 0
              }
            ],
            "id": "sg-0217104dfe2b438be",
            "ingress": [
              {
                "cidr_blocks": [
                  "0.0.0.0/0"
                ],
                "description": "",
                "from_port": 443,
                "ipv6_cidr_blocks": [],
                "prefix_list_ids": [],
                "protocol": "tcp",
                "security_groups": [],
                "self": false,
                "to_port": 443
              },
              {
                "cidr_blocks": [
                  "0.0.0.0/0"
                ],
                "description": "",
                "from_port": 80,
                "ipv6_cidr_blocks": [],
                "prefix_list_ids": [],
                "protocol": "tcp",
                "security_groups": [],
                "self": false,
                "to_port": 80
              }
            ],
            "name": "aws-3tier-app-alb-sg",
            "name_prefix": "",
            "owner_id": "903537644284",
            "revoke_rules_on_delete": false,
            "tags": {
              "Name": "aws-3tier-app-alb-sg"
            },
            "tags_all": {
              "Name": "aws-3tier-app-alb-sg"
            },
            "timeouts": null,
            "vpc_id": "vpc-08619eba919b3f18d"
          },
          "sensitive_attributes": [],
          "identity_schema_version": 0,
          "private": "eyJlMmJmYjczMC1lY2FhLTExZTYtOGY4OC0zNDM2M2JjN2M0YzAiOnsiY3JlYXRlIjo2MDAwMDAwMDAwMDAsImRlbGV0ZSI6OTAwMDAwMDAwMDAwfSwic2NoZW1hX3ZlcnNpb24iOiIxIn0=",
          "dependencies": [
            "aws_vpc.main"
          ]
        }
      ]
    },
    {
      "mode": "managed",
      "type": "aws_security_group",
      "name": "ec2",
      "provider": "provider[\"registry.terraform.io/hashicorp/aws\"]",
      "instances": [
        {
          "schema_version": 1,
          "attributes": {
            "arn": "arn:aws:ec2:us-east-1:903537644284:security-group/sg-000df268d34b05df5",
            "description": "Managed by Terraform",
            "egress": [
              {
                "cidr_blocks": [
                  "0.0.0.0/0"
                ],
                "description": "",
                "from_port": 0,
                "ipv6_cidr_blocks": [],
                "prefix_list_ids": [],
                "protocol": "-1",
                "security_groups": [],
                "self": false,
                "to_port": 0
              }
            ],
            "id": "sg-000df268d34b05df5",
            "ingress": [
              {
                "cidr_blocks": [
                  "102.212.63.248/32"
                ],
                "description": "",
                "from_port": 22,
                "ipv6_cidr_blocks": [],
                "prefix_list_ids": [],
                "protocol": "tcp",
                "security_groups": [],
                "self": false,
                "to_port": 22
              },
              {
                "cidr_blocks": [],
                "description": "",
                "from_port": 5000,
                "ipv6_cidr_blocks": [],
                "prefix_list_ids": [],
                "protocol": "tcp",
                "security_groups": [
                  "sg-0217104dfe2b438be"
                ],
                "self": false,
                "to_port": 5000
              }
            ],
            "name": "aws-3tier-app-ec2-sg",
            "name_prefix": "",
            "owner_id": "903537644284",
            "revoke_rules_on_delete": false,
            "tags": {
              "Name": "aws-3tier-app-ec2-sg"
            },
            "tags_all": {
              "Name": "aws-3tier-app-ec2-sg"
            },
            "timeouts": null,
            "vpc_id": "vpc-08619eba919b3f18d"
          },
          "sensitive_attributes": [],
          "identity_schema_version": 0,
          "private": "eyJlMmJmYjczMC1lY2FhLTExZTYtOGY4OC0zNDM2M2JjN2M0YzAiOnsiY3JlYXRlIjo2MDAwMDAwMDAwMDAsImRlbGV0ZSI6OTAwMDAwMDAwMDAwfSwic2NoZW1hX3ZlcnNpb24iOiIxIn0=",
          "dependencies": [
            "aws_security_group.alb",
            "aws_vpc.main"
          ]
        }
      ]
    },
    {
      "mode": "managed",
      "type": "aws_security_group",
      "name": "rds",
      "provider": "provider[\"registry.terraform.io/hashicorp/aws\"]",
      "instances": [
        {
          "schema_version": 1,
          "attributes": {
            "arn": "arn:aws:ec2:us-east-1:903537644284:security-group/sg-0559686a2a731eac3",
            "description": "Managed by Terraform",
            "egress": [],
            "id": "sg-0559686a2a731eac3",
            "ingress": [
              {
                "cidr_blocks": [],
                "description": "",
                "from_port": 5432,
                "ipv6_cidr_blocks": [],
                "prefix_list_ids": [],
                "protocol": "tcp",
                "security_groups": [
                  "sg-000df268d34b05df5"
                ],
                "self": false,
                "to_port": 5432
              }
            ],
            "name": "aws-3tier-app-rds-sg",
            "name_prefix": "",
            "owner_id": "903537644284",
            "revoke_rules_on_delete": false,
            "tags": {
              "Name": "aws-3tier-app-rds-sg"
            },
            "tags_all": {
              "Name": "aws-3tier-app-rds-sg"
            },
            "timeouts": null,
            "vpc_id": "vpc-08619eba919b3f18d"
          },
          "sensitive_attributes": [],
          "identity_schema_version": 0,
          "private": "eyJlMmJmYjczMC1lY2FhLTExZTYtOGY4OC0zNDM2M2JjN2M0YzAiOnsiY3JlYXRlIjo2MDAwMDAwMDAwMDAsImRlbGV0ZSI6OTAwMDAwMDAwMDAwfSwic2NoZW1hX3ZlcnNpb24iOiIxIn0=",
          "dependencies": [
            "aws_security_group.alb",
            "aws_security_group.ec2",
            "aws_vpc.main"
          ]
        }
      ]
    },
    {
      "mode": "managed",
      "type": "aws_ssm_parameter",
      "name": "db_password",
      "provider": "provider[\"registry.terraform.io/hashicorp/aws\"]",
      "instances": [
        {
          "schema_version": 0,
          "attributes": {
            "allowed_pattern": "",
            "arn": "arn:aws:ssm:us-east-1:903537644284:parameter/app/aws-3tier-app/db_password",
            "data_type": "text",
            "description": "",
            "has_value_wo": null,
            "id": "/app/aws-3tier-app/db_password",
            "insecure_value": null,
            "key_id": "alias/aws/ssm",
            "name": "/app/aws-3tier-app/db_password",
            "overwrite": null,
            "tags": null,
            "tags_all": {},
            "tier": "Standard",
            "type": "SecureString",
            "value": "MyStrongPass2024!",
            "value_wo": null,
            "value_wo_version": null,
            "version": 1
          },
          "sensitive_attributes": [
            [
              {
                "type": "get_attr",
                "value": "value"
              }
            ],
            [
              {
                "type": "get_attr",
                "value": "value_wo"
              }
            ]
          ],
          "identity_schema_version": 0,
          "private": "bnVsbA=="
        }
      ]
    },
    {
      "mode": "managed",
      "type": "aws_subnet",
      "name": "private",
      "provider": "provider[\"registry.terraform.io/hashicorp/aws\"]",
      "instances": [
        {
          "index_key": 0,
          "schema_version": 1,
          "attributes": {
            "arn": "arn:aws:ec2:us-east-1:903537644284:subnet/subnet-06b1d1e0d2b8b18b4",
            "assign_ipv6_address_on_creation": false,
            "availability_zone": "us-east-1a",
            "availability_zone_id": "use1-az1",
            "cidr_block": "10.0.10.0/24",
            "customer_owned_ipv4_pool": "",
            "enable_dns64": false,
            "enable_lni_at_device_index": 0,
            "enable_resource_name_dns_a_record_on_launch": false,
            "enable_resource_name_dns_aaaa_record_on_launch": false,
            "id": "subnet-06b1d1e0d2b8b18b4",
            "ipv6_cidr_block": "",
            "ipv6_cidr_block_association_id": "",
            "ipv6_native": false,
            "map_customer_owned_ip_on_launch": false,
            "map_public_ip_on_launch": false,
            "outpost_arn": "",
            "owner_id": "903537644284",
            "private_dns_hostname_type_on_launch": "ip-name",
            "tags": {
              "Name": "aws-3tier-app-private-1"
            },
            "tags_all": {
              "Name": "aws-3tier-app-private-1"
            },
            "timeouts": null,
            "vpc_id": "vpc-08619eba919b3f18d"
          },
          "sensitive_attributes": [],
          "identity_schema_version": 0,
          "private": "eyJlMmJmYjczMC1lY2FhLTExZTYtOGY4OC0zNDM2M2JjN2M0YzAiOnsiY3JlYXRlIjo2MDAwMDAwMDAwMDAsImRlbGV0ZSI6MTIwMDAwMDAwMDAwMH0sInNjaGVtYV92ZXJzaW9uIjoiMSJ9",
          "dependencies": [
            "aws_vpc.main",
            "data.aws_availability_zones.available"
          ]
        },
        {
          "index_key": 1,
          "schema_version": 1,
          "attributes": {
            "arn": "arn:aws:ec2:us-east-1:903537644284:subnet/subnet-0214798185207b4ba",
            "assign_ipv6_address_on_creation": false,
            "availability_zone": "us-east-1b",
            "availability_zone_id": "use1-az2",
            "cidr_block": "10.0.11.0/24",
            "customer_owned_ipv4_pool": "",
            "enable_dns64": false,
            "enable_lni_at_device_index": 0,
            "enable_resource_name_dns_a_record_on_launch": false,
            "enable_resource_name_dns_aaaa_record_on_launch": false,
            "id": "subnet-0214798185207b4ba",
            "ipv6_cidr_block": "",
            "ipv6_cidr_block_association_id": "",
            "ipv6_native": false,
            "map_customer_owned_ip_on_launch": false,
            "map_public_ip_on_launch": false,
            "outpost_arn": "",
            "owner_id": "903537644284",
            "private_dns_hostname_type_on_launch": "ip-name",
            "tags": {
              "Name": "aws-3tier-app-private-2"
            },
            "tags_all": {
              "Name": "aws-3tier-app-private-2"
            },
            "timeouts": null,
            "vpc_id": "vpc-08619eba919b3f18d"
          },
          "sensitive_attributes": [],
          "identity_schema_version": 0,
          "private": "eyJlMmJmYjczMC1lY2FhLTExZTYtOGY4OC0zNDM2M2JjN2M0YzAiOnsiY3JlYXRlIjo2MDAwMDAwMDAwMDAsImRlbGV0ZSI6MTIwMDAwMDAwMDAwMH0sInNjaGVtYV92ZXJzaW9uIjoiMSJ9",
          "dependencies": [
            "aws_vpc.main",
            "data.aws_availability_zones.available"
          ]
        }
      ]
    },
    {
      "mode": "managed",
      "type": "aws_subnet",
      "name": "public",
      "provider": "provider[\"registry.terraform.io/hashicorp/aws\"]",
      "instances": [
        {
          "index_key": 0,
          "schema_version": 1,
          "attributes": {
            "arn": "arn:aws:ec2:us-east-1:903537644284:subnet/subnet-0a7836522cd8f0747",
            "assign_ipv6_address_on_creation": false,
            "availability_zone": "us-east-1a",
            "availability_zone_id": "use1-az1",
            "cidr_block": "10.0.1.0/24",
            "customer_owned_ipv4_pool": "",
            "enable_dns64": false,
            "enable_lni_at_device_index": 0,
            "enable_resource_name_dns_a_record_on_launch": false,
            "enable_resource_name_dns_aaaa_record_on_launch": false,
            "id": "subnet-0a7836522cd8f0747",
            "ipv6_cidr_block": "",
            "ipv6_cidr_block_association_id": "",
            "ipv6_native": false,
            "map_customer_owned_ip_on_launch": false,
            "map_public_ip_on_launch": true,
            "outpost_arn": "",
            "owner_id": "903537644284",
            "private_dns_hostname_type_on_launch": "ip-name",
            "tags": {
              "Name": "aws-3tier-app-public-1"
            },
            "tags_all": {
              "Name": "aws-3tier-app-public-1"
            },
            "timeouts": null,
            "vpc_id": "vpc-08619eba919b3f18d"
          },
          "sensitive_attributes": [],
          "identity_schema_version": 0,
          "private": "eyJlMmJmYjczMC1lY2FhLTExZTYtOGY4OC0zNDM2M2JjN2M0YzAiOnsiY3JlYXRlIjo2MDAwMDAwMDAwMDAsImRlbGV0ZSI6MTIwMDAwMDAwMDAwMH0sInNjaGVtYV92ZXJzaW9uIjoiMSJ9",
          "dependencies": [
            "aws_vpc.main",
            "data.aws_availability_zones.available"
          ]
        },
        {
          "index_key": 1,
          "schema_version": 1,
          "attributes": {
            "arn": "arn:aws:ec2:us-east-1:903537644284:subnet/subnet-0b6977f82038eb218",
            "assign_ipv6_address_on_creation": false,
            "availability_zone": "us-east-1b",
            "availability_zone_id": "use1-az2",
            "cidr_block": "10.0.2.0/24",
            "customer_owned_ipv4_pool": "",
            "enable_dns64": false,
            "enable_lni_at_device_index": 0,
            "enable_resource_name_dns_a_record_on_launch": false,
            "enable_resource_name_dns_aaaa_record_on_launch": false,
            "id": "subnet-0b6977f82038eb218",
            "ipv6_cidr_block": "",
            "ipv6_cidr_block_association_id": "",
            "ipv6_native": false,
            "map_customer_owned_ip_on_launch": false,
            "map_public_ip_on_launch": true,
            "outpost_arn": "",
            "owner_id": "903537644284",
            "private_dns_hostname_type_on_launch": "ip-name",
            "tags": {
              "Name": "aws-3tier-app-public-2"
            },
            "tags_all": {
              "Name": "aws-3tier-app-public-2"
            },
            "timeouts": null,
            "vpc_id": "vpc-08619eba919b3f18d"
          },
          "sensitive_attributes": [],
          "identity_schema_version": 0,
          "private": "eyJlMmJmYjczMC1lY2FhLTExZTYtOGY4OC0zNDM2M2JjN2M0YzAiOnsiY3JlYXRlIjo2MDAwMDAwMDAwMDAsImRlbGV0ZSI6MTIwMDAwMDAwMDAwMH0sInNjaGVtYV92ZXJzaW9uIjoiMSJ9",
          "dependencies": [
            "aws_vpc.main",
            "data.aws_availability_zones.available"
          ]
        }
      ]
    },
    {
      "mode": "managed",
      "type": "aws_vpc",
      "name": "main",
      "provider": "provider[\"registry.terraform.io/hashicorp/aws\"]",
      "instances": [
        {
          "schema_version": 1,
          "attributes": {
            "arn": "arn:aws:ec2:us-east-1:903537644284:vpc/vpc-08619eba919b3f18d",
            "assign_generated_ipv6_cidr_block": false,
            "cidr_block": "10.0.0.0/16",
            "default_network_acl_id": "acl-07dfa788ed7de291a",
            "default_route_table_id": "rtb-06b64970ef4ce7c2e",
            "default_security_group_id": "sg-05fab3213c861adaf",
            "dhcp_options_id": "dopt-0651528aa55e0c06d",
            "enable_dns_hostnames": true,
            "enable_dns_support": true,
            "enable_network_address_usage_metrics": false,
            "id": "vpc-08619eba919b3f18d",
            "instance_tenancy": "default",
            "ipv4_ipam_pool_id": null,
            "ipv4_netmask_length": null,
            "ipv6_association_id": "",
            "ipv6_cidr_block": "",
            "ipv6_cidr_block_network_border_group": "",
            "ipv6_ipam_pool_id": "",
            "ipv6_netmask_length": 0,
            "main_route_table_id": "rtb-06b64970ef4ce7c2e",
            "owner_id": "903537644284",
            "tags": {
              "Name": "aws-3tier-app-vpc"
            },
            "tags_all": {
              "Name": "aws-3tier-app-vpc"
            }
          },
          "sensitive_attributes": [],
          "identity_schema_version": 0,
          "private": "eyJzY2hlbWFfdmVyc2lvbiI6IjEifQ=="
        }
      ]
    }
  ],
  "check_results": null
}
